
Microsoft Visual Studio Solution File, Format Version 12.00
# Visual Studio Version 16
VisualStudioVersion = 16.0.30621.155
MinimumVisualStudioVersion = 10.0.40219.1
Project("{FAE04EC0-301F-11D3-BF4B-00C04F79EFBC}") = "VirtualWinKeys", "VirtualWinKeys\VirtualWinKeys.csproj", "{94F460F7-53E6-4686-BEC8-7258C2D2CADC}"
EndProject
Global
	GlobalSection(SolutionConfigurationPlatforms) = preSolution
		Debug|Any CPU = Debug|Any CPU
		Release|Any CPU = Release|Any CPU
	EndGlobalSection
	GlobalSection(ProjectConfigurationPlatforms) = postSolution
		{94F460F7-53E6-4686-BEC8-7258C2D2CADC}.Debug|Any CPU.ActiveCfg = Debug|Any CPU
		{94F460F7-53E6-4686-BEC8-7258C2D2CADC}.Debug|Any CPU.Build.0 = Debug|Any CPU
		{94F460F7-53E6-4686-BEC8-7258C2D2CADC}.Release|Any CPU.ActiveCfg = Release|Any CPU
		{94F460F7-53E6-4686-BEC8-7258C2D2CADC}.Release|Any CPU.Build.0 = Release|Any CPU
	EndGlobalSection
	GlobalSection(SolutionProperties) = preSolution
		HideSolutionNode = FALSE
	EndGlobalSection
	GlobalSection(ExtensibilityGlobals) = postSolution
		SolutionGuid = {CBCF7252-F1CA-4F33-8D84-CE135139AACD}
	EndGlobalSection
EndGlobal
